
Microsoft Visual Studio Solution File, Format Version 12.00
# Visual Studio 2013
VisualStudioVersion = 12.0.21005.1
MinimumVisualStudioVersion = 10.0.40219.1
Project("{8BC9CEB8-8B4A-11D0-8D11-00A0C91BC942}") = "模拟实现strcat", "模拟实现strcat\模拟实现strcat.vcxproj", "{8A64EB7A-12CC-41DF-BB7C-03618DF5671A}"
EndProject
Global
	GlobalSection(SolutionConfigurationPlatforms) = preSolution
		Debug|Win32 = Debug|Win32
		Release|Win32 = Release|Win32
	EndGlobalSection
	GlobalSection(ProjectConfigurationPlatforms) = postSolution
		{8A64EB7A-12CC-41DF-BB7C-03618DF5671A}.Debug|Win32.ActiveCfg = Debug|Win32
		{8A64EB7A-12CC-41DF-BB7C-03618DF5671A}.Debug|Win32.Build.0 = Debug|Win32
		{8A64EB7A-12CC-41DF-BB7C-03618DF5671A}.Release|Win32.ActiveCfg = Release|Win32
		{8A64EB7A-12CC-41DF-BB7C-03618DF5671A}.Release|Win32.Build.0 = Release|Win32
	EndGlobalSection
	GlobalSection(SolutionProperties) = preSolution
		HideSolutionNode = FALSE
	EndGlobalSection
EndGlobal
