
Microsoft Visual Studio Solution File, Format Version 12.00
# Visual Studio 2013
VisualStudioVersion = 12.0.21005.1
MinimumVisualStudioVersion = 10.0.40219.1
Project("{8BC9CEB8-8B4A-11D0-8D11-00A0C91BC942}") = "1到 100 的多少个数字9", "1到 100 的多少个数字9\1到 100 的多少个数字9.vcxproj", "{FC4CF6FC-22DE-44D5-8C42-0F3BD700C73B}"
EndProject
Global
	GlobalSection(SolutionConfigurationPlatforms) = preSolution
		Debug|Win32 = Debug|Win32
		Release|Win32 = Release|Win32
	EndGlobalSection
	GlobalSection(ProjectConfigurationPlatforms) = postSolution
		{FC4CF6FC-22DE-44D5-8C42-0F3BD700C73B}.Debug|Win32.ActiveCfg = Debug|Win32
		{FC4CF6FC-22DE-44D5-8C42-0F3BD700C73B}.Debug|Win32.Build.0 = Debug|Win32
		{FC4CF6FC-22DE-44D5-8C42-0F3BD700C73B}.Release|Win32.ActiveCfg = Release|Win32
		{FC4CF6FC-22DE-44D5-8C42-0F3BD700C73B}.Release|Win32.Build.0 = Release|Win32
	EndGlobalSection
	GlobalSection(SolutionProperties) = preSolution
		HideSolutionNode = FALSE
	EndGlobalSection
EndGlobal
